// !$*UTF8*$!
{
	archiveVersion = 1;
	classes = {
	};
	objectVersion = 51;
	objects = {

/* Begin PBXBuildFile section */
		889DEF045E013CEE3B4A32B2 /* Pods_FirebaseTaskApp.framework in Frameworks */ = {isa = PBXBuildFile; fileRef = C999B7A85AEBF0F00B625448 /* Pods_FirebaseTaskApp.framework */; };
		A4342F0B2389671300593174 /* PostStore.swift in Sources */ = {isa = PBXBuildFile; fileRef = A4342F0A2389671300593174 /* PostStore.swift */; };
		A477BF16238558A60052E1BE /* AppDelegate.swift in Sources */ = {isa = PBXBuildFile; fileRef = A477BF15238558A60052E1BE /* AppDelegate.swift */; };
		A477BF18238558A60052E1BE /* SceneDelegate.swift in Sources */ = {isa = PBXBuildFile; fileRef = A477BF17238558A60052E1BE /* SceneDelegate.swift */; };
		A477BF1A238558A60052E1BE /* ContentView.swift in Sources */ = {isa = PBXBuildFile; fileRef = A477BF19238558A60052E1BE /* ContentView.swift */; };
		A477BF1C238558A70052E1BE /* Assets.xcassets in Resources */ = {isa = PBXBuildFile; fileRef = A477BF1B238558A70052E1BE /* Assets.xcassets */; };
		A477BF1F238558A70052E1BE /* Preview Assets.xcassets in Resources */ = {isa = PBXBuildFile; fileRef = A477BF1E238558A70052E1BE /* Preview Assets.xcassets */; };
		A477BF22238558A70052E1BE /* LaunchScreen.storyboard in Resources */ = {isa = PBXBuildFile; fileRef = A477BF20238558A70052E1BE /* LaunchScreen.storyboard */; };
		A477BF2A238559ED0052E1BE /* GoogleService-Info.plist in Resources */ = {isa = PBXBuildFile; fileRef = A477BF29238559ED0052E1BE /* GoogleService-Info.plist */; };
		A477BF2E23856BB80052E1BE /* DataModel.swift in Sources */ = {isa = PBXBuildFile; fileRef = A477BF2D23856BB80052E1BE /* DataModel.swift */; };
		A477BF3023856CF40052E1BE /* DataStore.swift in Sources */ = {isa = PBXBuildFile; fileRef = A477BF2F23856CF40052E1BE /* DataStore.swift */; };
/* End PBXBuildFile section */

/* Begin PBXFileReference section */
		A4342F0A2389671300593174 /* PostStore.swift */ = {isa = PBXFileReference; lastKnownFileType = sourcecode.swift; path = PostStore.swift; sourceTree = "<group>"; };
		A477BF12238558A60052E1BE /* FirebaseTaskApp.app */ = {isa = PBXFileReference; explicitFileType = wrapper.application; includeInIndex = 0; path = FirebaseTaskApp.app; sourceTree = BUILT_PRODUCTS_DIR; };
		A477BF15238558A60052E1BE /* AppDelegate.swift */ = {isa = PBXFileReference; lastKnownFileType = sourcecode.swift; path = AppDelegate.swift; sourceTree = "<group>"; };
		A477BF17238558A60052E1BE /* SceneDelegate.swift */ = {isa = PBXFileReference; lastKnownFileType = sourcecode.swift; path = SceneDelegate.swift; sourceTree = "<group>"; };
		A477BF19238558A60052E1BE /* ContentView.swift */ = {isa = PBXFileReference; lastKnownFileType = sourcecode.swift; path = ContentView.swift; sourceTree = "<group>"; };
		A477BF1B238558A70052E1BE /* Assets.xcassets */ = {isa = PBXFileReference; lastKnownFileType = folder.assetcatalog; path = Assets.xcassets; sourceTree = "<group>"; };
		A477BF1E238558A70052E1BE /* Preview Assets.xcassets */ = {isa = PBXFileReference; lastKnownFileType = folder.assetcatalog; path = "Preview Assets.xcassets"; sourceTree = "<group>"; };
		A477BF21238558A70052E1BE /* Base */ = {isa = PBXFileReference; lastKnownFileType = file.storyboard; name = Base; path = Base.lproj/LaunchScreen.storyboard; sourceTree = "<group>"; };
		A477BF23238558A70052E1BE /* Info.plist */ = {isa = PBXFileReference; lastKnownFileType = text.plist.xml; path = Info.plist; sourceTree = "<group>"; };
		A477BF29238559ED0052E1BE /* GoogleService-Info.plist */ = {isa = PBXFileReference; fileEncoding = 4; lastKnownFileType = text.plist.xml; path = "GoogleService-Info.plist"; sourceTree = "<group>"; };
		A477BF2D23856BB80052E1BE /* DataModel.swift */ = {isa = PBXFileReference; lastKnownFileType = sourcecode.swift; path = DataModel.swift; sourceTree = "<group>"; };
		A477BF2F23856CF40052E1BE /* DataStore.swift */ = {isa = PBXFileReference; lastKnownFileType = sourcecode.swift; path = DataStore.swift; sourceTree = "<group>"; };
		C999B7A85AEBF0F00B625448 /* Pods_FirebaseTaskApp.framework */ = {isa = PBXFileReference; explicitFileType = wrapper.framework; includeInIndex = 0; path = Pods_FirebaseTaskApp.framework; sourceTree = BUILT_PRODUCTS_DIR; };
		E7BD119EB14164BEFA0071F4 /* Pods-FirebaseTaskApp.release.xcconfig */ = {isa = PBXFileReference; includeInIndex = 1; lastKnownFileType = text.xcconfig; name = "Pods-FirebaseTaskApp.release.xcconfig"; path = "Target Support Files/Pods-FirebaseTaskApp/Pods-FirebaseTaskApp.release.xcconfig"; sourceTree = "<group>"; };
		ED5DEF9CDF9FD6F90A4D28C4 /* Pods-FirebaseTaskApp.debug.xcconfig */ = {isa = PBXFileReference; includeInIndex = 1; lastKnownFileType = text.xcconfig; name = "Pods-FirebaseTaskApp.debug.xcconfig"; path = "Target Support Files/Pods-FirebaseTaskApp/Pods-FirebaseTaskApp.debug.xcconfig"; sourceTree = "<group>"; };
/* End PBXFileReference section */

/* Begin PBXFrameworksBuildPhase section */
		A477BF0F238558A60052E1BE /* Frameworks */ = {
			isa = PBXFrameworksBuildPhase;
			buildActionMask = 2147483647;
			files = (
				889DEF045E013CEE3B4A32B2 /* Pods_FirebaseTaskApp.framework in Frameworks */,
			);
			runOnlyForDeploymentPostprocessing = 0;
		};
/* End PBXFrameworksBuildPhase section */

/* Begin PBXGroup section */
		115B0398CBF6325FA9A494B0 /* Frameworks */ = {
			isa = PBXGroup;
			children = (
				C999B7A85AEBF0F00B625448 /* Pods_FirebaseTaskApp.framework */,
			);
			name = Frameworks;
			sourceTree = "<group>";
		};
		1F6822952E9C79F8DDC1DEA2 /* Pods */ = {
			isa = PBXGroup;
			children = (
				ED5DEF9CDF9FD6F90A4D28C4 /* Pods-FirebaseTaskApp.debug.xcconfig */,
				E7BD119EB14164BEFA0071F4 /* Pods-FirebaseTaskApp.release.xcconfig */,
			);
			path = Pods;
			sourceTree = "<group>";
		};
		A477BF09238558A60052E1BE = {
			isa = PBXGroup;
			children = (
				A477BF14238558A60052E1BE /* FirebaseTaskApp */,
				A477BF13238558A60052E1BE /* Products */,
				1F6822952E9C79F8DDC1DEA2 /* Pods */,
				115B0398CBF6325FA9A494B0 /* Frameworks */,
			);
			sourceTree = "<group>";
		};
		A477BF13238558A60052E1BE /* Products */ = {
			isa = PBXGroup;
			children = (
				A477BF12238558A60052E1BE /* FirebaseTaskApp.app */,
			);
			name = Products;
			sourceTree = "<group>";
		};
		A477BF14238558A60052E1BE /* FirebaseTaskApp */ = {
			isa = PBXGroup;
			children = (
				A477BF15238558A60052E1BE /* AppDelegate.swift */,
				A477BF17238558A60052E1BE /* SceneDelegate.swift */,
				A477BF19238558A60052E1BE /* ContentView.swift */,
				A4342F0A2389671300593174 /* PostStore.swift */,
				A477BF2D23856BB80052E1BE /* DataModel.swift */,
				A477BF2F23856CF40052E1BE /* DataStore.swift */,
				A477BF1B238558A70052E1BE /* Assets.xcassets */,
				A477BF20238558A70052E1BE /* LaunchScreen.storyboard */,
				A477BF23238558A70052E1BE /* Info.plist */,
				A477BF29238559ED0052E1BE /* GoogleService-Info.plist */,
				A477BF1D238558A70052E1BE /* Preview Content */,
			);
			path = FirebaseTaskApp;
			sourceTree = "<group>";
		};
		A477BF1D238558A70052E1BE /* Preview Content */ = {
			isa = PBXGroup;
			children = (
				A477BF1E238558A70052E1BE /* Preview Assets.xcassets */,
			);
			path = "Preview Content";
			sourceTree = "<group>";
		};
/* End PBXGroup section */

/* Begin PBXNativeTarget section */
		A477BF11238558A60052E1BE /* FirebaseTaskApp */ = {
			isa = PBXNativeTarget;
			buildConfigurationList = A477BF26238558A70052E1BE /* Build configuration list for PBXNativeTarget "FirebaseTaskApp" */;
			buildPhases = (
				E8C9EBFD62C1C65F5EE57D7F /* [CP] Check Pods Manifest.lock */,
				A477BF0E238558A60052E1BE /* Sources */,
				A477BF0F238558A60052E1BE /* Frameworks */,
				A477BF10238558A60052E1BE /* Resources */,
				77DCB929D317E35051D99DB2 /* [CP] Embed Pods Frameworks */,
			);
			buildRules = (
			);
			dependencies = (
			);
			name = FirebaseTaskApp;
			productName = FirebaseTaskApp;
			productReference = A477BF12238558A60052E1BE /* FirebaseTaskApp.app */;
			productType = "com.apple.product-type.application";
		};
/* End PBXNativeTarget section */

/* Begin PBXProject section */
		A477BF0A238558A60052E1BE /* Project object */ = {
			isa = PBXProject;
			attributes = {
				LastSwiftUpdateCheck = 1100;
				LastUpgradeCheck = 1100;
				ORGANIZATIONNAME = sun;
				TargetAttributes = {
					A477BF11238558A60052E1BE = {
						CreatedOnToolsVersion = 11.0;
					};
				};
			};
			buildConfigurationList = A477BF0D238558A60052E1BE /* Build configuration list for PBXProject "FirebaseTaskApp" */;
			compatibilityVersion = "Xcode 9.3";
			developmentRegion = en;
			hasScannedForEncodings = 0;
			knownRegions = (
				en,
				Base,
			);
			mainGroup = A477BF09238558A60052E1BE;
			productRefGroup = A477BF13238558A60052E1BE /* Products */;
			projectDirPath = "";
			projectRoot = "";
			targets = (
				A477BF11238558A60052E1BE /* FirebaseTaskApp */,
			);
		};
/* End PBXProject section */

/* Begin PBXResourcesBuildPhase section */
		A477BF10238558A60052E1BE /* Resources */ = {
			isa = PBXResourcesBuildPhase;
			buildActionMask = 2147483647;
			files = (
				A477BF22238558A70052E1BE /* LaunchScreen.storyboard in Resources */,
				A477BF2A238559ED0052E1BE /* GoogleService-Info.plist in Resources */,
				A477BF1F238558A70052E1BE /* Preview Assets.xcassets in Resources */,
				A477BF1C238558A70052E1BE /* Assets.xcassets in Resources */,
			);
			runOnlyForDeploymentPostprocessing = 0;
		};
/* End PBXResourcesBuildPhase section */

/* Begin PBXShellScriptBuildPhase section */
		77DCB929D317E35051D99DB2 /* [CP] Embed Pods Frameworks */ = {
			isa = PBXShellScriptBuildPhase;
			buildActionMask = 2147483647;
			files = (
			);
			inputFileListPaths = (
				"${PODS_ROOT}/Target Support Files/Pods-FirebaseTaskApp/Pods-FirebaseTaskApp-frameworks-${CONFIGURATION}-input-files.xcfilelist",
			);
			name = "[CP] Embed Pods Frameworks";
			outputFileListPaths = (
				"${PODS_ROOT}/Target Support Files/Pods-FirebaseTaskApp/Pods-FirebaseTaskApp-frameworks-${CONFIGURATION}-output-files.xcfilelist",
			);
			runOnlyForDeploymentPostprocessing = 0;
			shellPath = /bin/sh;
			shellScript = "\"${PODS_ROOT}/Target Support Files/Pods-FirebaseTaskApp/Pods-FirebaseTaskApp-frameworks.sh\"\n";
			showEnvVarsInLog = 0;
		};
		E8C9EBFD62C1C65F5EE57D7F /* [CP] Check Pods Manifest.lock */ = {
			isa = PBXShellScriptBuildPhase;
			buildActionMask = 2147483647;
			files = (
			);
			inputFileListPaths = (
			);
			inputPaths = (
				"${PODS_PODFILE_DIR_PATH}/Podfile.lock",
				"${PODS_ROOT}/Manifest.lock",
			);
			name = "[CP] Check Pods Manifest.lock";
			outputFileListPaths = (
			);
			outputPaths = (
				"$(DERIVED_FILE_DIR)/Pods-FirebaseTaskApp-checkManifestLockResult.txt",
			);
			runOnlyForDeploymentPostprocessing = 0;
			shellPath = /bin/sh;
			shellScript = "diff \"${PODS_PODFILE_DIR_PATH}/Podfile.lock\" \"${PODS_ROOT}/Manifest.lock\" > /dev/null\nif [ $? != 0 ] ; then\n    # print error to STDERR\n    echo \"error: The sandbox is not in sync with the Podfile.lock. Run 'pod install' or update your CocoaPods installation.\" >&2\n    exit 1\nfi\n# This output is used by Xcode 'outputs' to avoid re-running this script phase.\necho \"SUCCESS\" > \"${SCRIPT_OUTPUT_FILE_0}\"\n";
			showEnvVarsInLog = 0;
		};
/* End PBXShellScriptBuildPhase section */

/* Begin PBXSourcesBuildPhase section */
		A477BF0E238558A60052E1BE /* Sources */ = {
			isa = PBXSourcesBuildPhase;
			buildActionMask = 2147483647;
			files = (
				A477BF2E23856BB80052E1BE /* DataModel.swift in Sources */,
				A477BF3023856CF40052E1BE /* DataStore.swift in Sources */,
				A477BF16238558A60052E1BE /* AppDelegate.swift in Sources */,
				A477BF18238558A60052E1BE /* SceneDelegate.swift in Sources */,
				A477BF1A238558A60052E1BE /* ContentView.swift in Sources */,
				A4342F0B2389671300593174 /* PostStore.swift in Sources */,
			);
			runOnlyForDeploymentPostprocessing = 0;
		};
/* End PBXSourcesBuildPhase section */

/* Begin PBXVariantGroup section */
		A477BF20238558A70052E1BE /* LaunchScreen.storyboard */ = {
			isa = PBXVariantGroup;
			children = (
				A477BF21238558A70052E1BE /* Base */,
			);
			name = LaunchScreen.storyboard;
			sourceTree = "<group>";
		};
/* End PBXVariantGroup section */

/* Begin XCBuildConfiguration section */
		A477BF24238558A70052E1BE /* Debug */ = {
			isa = XCBuildConfiguration;
			buildSettings = {
				ALWAYS_SEARCH_USER_PATHS = NO;
				CLANG_ANALYZER_NONNULL = YES;
				CLANG_ANALYZER_NUMBER_OBJECT_CONVERSION = YES_AGGRESSIVE;
				CLANG_CXX_LANGUAGE_STANDARD = "gnu++14";
				CLANG_CXX_LIBRARY = "libc++";
				CLANG_ENABLE_MODULES = YES;
				CLANG_ENABLE_OBJC_ARC = YES;
				CLANG_ENABLE_OBJC_WEAK = YES;
				CLANG_WARN_BLOCK_CAPTURE_AUTORELEASING = YES;
				CLANG_WARN_BOOL_CONVERSION = YES;
				CLANG_WARN_COMMA = YES;
				CLANG_WARN_CONSTANT_CONVERSION = YES;
				CLANG_WARN_DEPRECATED_OBJC_IMPLEMENTATIONS = YES;
				CLANG_WARN_DIRECT_OBJC_ISA_USAGE = YES_ERROR;
				CLANG_WARN_DOCUMENTATION_COMMENTS = YES;
				CLANG_WARN_EMPTY_BODY = YES;
				CLANG_WARN_ENUM_CONVERSION = YES;
				CLANG_WARN_INFINITE_RECURSION = YES;
				CLANG_WARN_INT_CONVERSION = YES;
				CLANG_WARN_NON_LITERAL_NULL_CONVERSION = YES;
				CLANG_WARN_OBJC_IMPLICIT_RETAIN_SELF = YES;
				CLANG_WARN_OBJC_LITERAL_CONVERSION = YES;
				CLANG_WARN_OBJC_ROOT_CLASS = YES_ERROR;
				CLANG_WARN_RANGE_LOOP_ANALYSIS = YES;
				CLANG_WARN_STRICT_PROTOTYPES = YES;
				CLANG_WARN_SUSPICIOUS_MOVE = YES;
				CLANG_WARN_UNGUARDED_AVAILABILITY = YES_AGGRESSIVE;
				CLANG_WARN_UNREACHABLE_CODE = YES;
				CLANG_WARN__DUPLICATE_METHOD_MATCH = YES;
				COPY_PHASE_STRIP = NO;
				DEBUG_INFORMATION_FORMAT = dwarf;
				ENABLE_STRICT_OBJC_MSGSEND = YES;
				ENABLE_TESTABILITY = YES;
				GCC_C_LANGUAGE_STANDARD = gnu11;
				GCC_DYNAMIC_NO_PIC = NO;
				GCC_NO_COMMON_BLOCKS = YES;
				GCC_OPTIMIZATION_LEVEL = 0;
				GCC_PREPROCESSOR_DEFINITIONS = (
					"DEBUG=1",
					"$(inherited)",
				);
				GCC_WARN_64_TO_32_BIT_CONVERSION = YES;
				GCC_WARN_ABOUT_RETURN_TYPE = YES_ERROR;
				GCC_WARN_UNDECLARED_SELECTOR = YES;
				GCC_WARN_UNINITIALIZED_AUTOS = YES_AGGRESSIVE;
				GCC_WARN_UNUSED_FUNCTION = YES;
				GCC_WARN_UNUSED_VARIABLE = YES;
				IPHONEOS_DEPLOYMENT_TARGET = 13.0;
				MTL_ENABLE_DEBUG_INFO = INCLUDE_SOURCE;
				MTL_FAST_MATH = YES;
				ONLY_ACTIVE_ARCH = YES;
				SDKROOT = iphoneos;
				SWIFT_ACTIVE_COMPILATION_CONDITIONS = DEBUG;
				SWIFT_OPTIMIZATION_LEVEL = "-Onone";
			};
			name = Debug;
		};
		A477BF25238558A70052E1BE /* Release */ = {
			isa = XCBuildConfiguration;
			buildSettings = {
				ALWAYS_SEARCH_USER_PATHS = NO;
				CLANG_ANALYZER_NONNULL = YES;
				CLANG_ANALYZER_NUMBER_OBJECT_CONVERSION = YES_AGGRESSIVE;
				CLANG_CXX_LANGUAGE_STANDARD = "gnu++14";
				CLANG_CXX_LIBRARY = "libc++";
				CLANG_ENABLE_MODULES = YES;
				CLANG_ENABLE_OBJC_ARC = YES;
				CLANG_ENABLE_OBJC_WEAK = YES;
				CLANG_WARN_BLOCK_CAPTURE_AUTORELEASING = YES;
				CLANG_WARN_BOOL_CONVERSION = YES;
				CLANG_WARN_COMMA = YES;
				CLANG_WARN_CONSTANT_CONVERSION = YES;
				CLANG_WARN_DEPRECATED_OBJC_IMPLEMENTATIONS = YES;
				CLANG_WARN_DIRECT_OBJC_ISA_USAGE = YES_ERROR;
				CLANG_WARN_DOCUMENTATION_COMMENTS = YES;
				CLANG_WARN_EMPTY_BODY = YES;
				CLANG_WARN_ENUM_CONVERSION = YES;
				CLANG_WARN_INFINITE_RECURSION = YES;
				CLANG_WARN_INT_CONVERSION = YES;
				CLANG_WARN_NON_LITERAL_NULL_CONVERSION = YES;
				CLANG_WARN_OBJC_IMPLICIT_RETAIN_SELF = YES;
				CLANG_WARN_OBJC_LITERAL_CONVERSION = YES;
				CLANG_WARN_OBJC_ROOT_CLASS = YES_ERROR;
				CLANG_WARN_RANGE_LOOP_ANALYSIS = YES;
				CLANG_WARN_STRICT_PROTOTYPES = YES;
				CLANG_WARN_SUSPICIOUS_MOVE = YES;
				CLANG_WARN_UNGUARDED_AVAILABILITY = YES_AGGRESSIVE;
				CLANG_WARN_UNREACHABLE_CODE = YES;
				CLANG_WARN__DUPLICATE_METHOD_MATCH = YES;
				COPY_PHASE_STRIP = NO;
				DEBUG_INFORMATION_FORMAT = "dwarf-with-dsym";
				ENABLE_NS_ASSERTIONS = NO;
				ENABLE_STRICT_OBJC_MSGSEND = YES;
				GCC_C_LANGUAGE_STANDARD = gnu11;
				GCC_NO_COMMON_BLOCKS = YES;
				GCC_WARN_64_TO_32_BIT_CONVERSION = YES;
				GCC_WARN_ABOUT_RETURN_TYPE = YES_ERROR;
				GCC_WARN_UNDECLARED_SELECTOR = YES;
				GCC_WARN_UNINITIALIZED_AUTOS = YES_AGGRESSIVE;
				GCC_WARN_UNUSED_FUNCTION = YES;
				GCC_WARN_UNUSED_VARIABLE = YES;
				IPHONEOS_DEPLOYMENT_TARGET = 13.0;
				MTL_ENABLE_DEBUG_INFO = NO;
				MTL_FAST_MATH = YES;
				SDKROOT = iphoneos;
				SWIFT_COMPILATION_MODE = wholemodule;
				SWIFT_OPTIMIZATION_LEVEL = "-O";
				VALIDATE_PRODUCT = YES;
			};
			name = Release;
		};
		A477BF27238558A70052E1BE /* Debug */ = {
			isa = XCBuildConfiguration;
			baseConfigurationReference = ED5DEF9CDF9FD6F90A4D28C4 /* Pods-FirebaseTaskApp.debug.xcconfig */;
			buildSettings = {
				ASSETCATALOG_COMPILER_APPICON_NAME = AppIcon;
				CODE_SIGN_STYLE = Automatic;
				DEVELOPMENT_ASSET_PATHS = "\"FirebaseTaskApp/Preview Content\"";
				DEVELOPMENT_TEAM = X3N5XPMN8M;
				ENABLE_PREVIEWS = YES;
				INFOPLIST_FILE = FirebaseTaskApp/Info.plist;
				LD_RUNPATH_SEARCH_PATHS = (
					"$(inherited)",
					"@executable_path/Frameworks",
				);
				PRODUCT_BUNDLE_IDENTIFIER = "com.samson6552-gmail.com.FirebaseTaskApp";
				PRODUCT_NAME = "$(TARGET_NAME)";
				SWIFT_VERSION = 5.0;
				TARGETED_DEVICE_FAMILY = "1,2";
			};
			name = Debug;
		};
		A477BF28238558A70052E1BE /* Release */ = {
			isa = XCBuildConfiguration;
			baseConfigurationReference = E7BD119EB14164BEFA0071F4 /* Pods-FirebaseTaskApp.release.xcconfig */;
			buildSettings = {
				ASSETCATALOG_COMPILER_APPICON_NAME = AppIcon;
				CODE_SIGN_STYLE = Automatic;
				DEVELOPMENT_ASSET_PATHS = "\"FirebaseTaskApp/Preview Content\"";
				DEVELOPMENT_TEAM = X3N5XPMN8M;
				ENABLE_PREVIEWS = YES;
				INFOPLIST_FILE = FirebaseTaskApp/Info.plist;
				LD_RUNPATH_SEARCH_PATHS = (
					"$(inherited)",
					"@executable_path/Frameworks",
				);
				PRODUCT_BUNDLE_IDENTIFIER = "com.samson6552-gmail.com.FirebaseTaskApp";
				PRODUCT_NAME = "$(TARGET_NAME)";
				SWIFT_VERSION = 5.0;
				TARGETED_DEVICE_FAMILY = "1,2";
			};
			name = Release;
		};
/* End XCBuildConfiguration section */

/* Begin XCConfigurationList section */
		A477BF0D238558A60052E1BE /* Build configuration list for PBXProject "FirebaseTaskApp" */ = {
			isa = XCConfigurationList;
			buildConfigurations = (
				A477BF24238558A70052E1BE /* Debug */,
				A477BF25238558A70052E1BE /* Release */,
			);
			defaultConfigurationIsVisible = 0;
			defaultConfigurationName = Release;
		};
		A477BF26238558A70052E1BE /* Build configuration list for PBXNativeTarget "FirebaseTaskApp" */ = {
			isa = XCConfigurationList;
			buildConfigurations = (
				A477BF27238558A70052E1BE /* Debug */,
				A477BF28238558A70052E1BE /* Release */,
			);
			defaultConfigurationIsVisible = 0;
			defaultConfigurationName = Release;
		};
/* End XCConfigurationList section */
	};
	rootObject = A477BF0A238558A60052E1BE /* Project object */;
}
